
Microsoft Visual Studio Solution File, Format Version 12.00
# Visual Studio 15
VisualStudioVersion = 15.0.27130.2024
MinimumVisualStudioVersion = 10.0.40219.1
Project("{FAE04EC0-301F-11D3-BF4B-00C04F79EFBC}") = "Nightvision", "src\Nightvision.csproj", "{295056E5-88F5-4099-A6F9-C1509D48BB2C}"
EndProject
Project("{2150E333-8FDC-42A3-9474-1A3956D46DE8}") = "About", "About", "{B1E03371-FEF5-4940-8F8F-0B80D9D2B8C9}"
	ProjectSection(SolutionItems) = preProject
		About\About.xml = About\About.xml
	EndProjectSection
EndProject
Project("{2150E333-8FDC-42A3-9474-1A3956D46DE8}") = "Defs", "Defs", "{4441D9A2-1037-4282-A981-1C0EA91A8D32}"
	ProjectSection(SolutionItems) = preProject
		Defs\NightVision_Apparel.xml = Defs\NightVision_Apparel.xml
		Defs\NightVision_Hediffs.xml = Defs\NightVision_Hediffs.xml
		Defs\NightVision_Items.xml = Defs\NightVision_Items.xml
		Defs\NV_Stat.xml = Defs\NV_Stat.xml
		Defs\Stalker.xml = Defs\Stalker.xml
		Defs\Stalker_DutyDef.xml = Defs\Stalker_DutyDef.xml
		Defs\Surgery_ExtractTapetum.xml = Defs\Surgery_ExtractTapetum.xml
		Defs\ThinkTree_Stalker.xml = Defs\ThinkTree_Stalker.xml
	EndProjectSection
EndProject
Project("{2150E333-8FDC-42A3-9474-1A3956D46DE8}") = "Patches", "Patches", "{03895FD7-DDE2-49AB-B095-B696A892318E}"
	ProjectSection(SolutionItems) = preProject
		Patches\AddRecipeToHumanLike.xml = Patches\AddRecipeToHumanLike.xml
		Patches\ThoughtDef.xml = Patches\ThoughtDef.xml
	EndProjectSection
EndProject
Project("{2150E333-8FDC-42A3-9474-1A3956D46DE8}") = "Languages", "Languages", "{BBB49E7A-B6B2-4597-B922-E8CE8D9F4F46}"
EndProject
Project("{2150E333-8FDC-42A3-9474-1A3956D46DE8}") = "English", "English", "{CF7831D5-9321-46EE-BB23-1746066A04D6}"
EndProject
Project("{2150E333-8FDC-42A3-9474-1A3956D46DE8}") = "Keyed", "Keyed", "{3FE12E32-3B0E-4535-9BDC-DEBBB4378D81}"
	ProjectSection(SolutionItems) = preProject
		Languages\English\Keyed\NightVision.xml = Languages\English\Keyed\NightVision.xml
	EndProjectSection
EndProject
Project("{2150E333-8FDC-42A3-9474-1A3956D46DE8}") = "Textures", "Textures", "{DDD4903F-3B97-4139-AB6D-452DFF201C5E}"
EndProject
Project("{2150E333-8FDC-42A3-9474-1A3956D46DE8}") = "UI", "UI", "{25CCEB20-9B55-4957-8675-25CD22D20A0D}"
EndProject
Project("{2150E333-8FDC-42A3-9474-1A3956D46DE8}") = "Apparel", "Apparel", "{AC02B091-A994-4F41-95FF-43D646E36B3A}"
	ProjectSection(SolutionItems) = preProject
		Textures\Apparel\nvgogglesv1.png = Textures\Apparel\nvgogglesv1.png
		Textures\Apparel\nvgogglesv1_east.png = Textures\Apparel\nvgogglesv1_east.png
		Textures\Apparel\nvgogglesv1_north.png = Textures\Apparel\nvgogglesv1_north.png
		Textures\Apparel\nvgogglesv1_south.png = Textures\Apparel\nvgogglesv1_south.png
		Textures\Apparel\nvgogglesv2.png = Textures\Apparel\nvgogglesv2.png
		Textures\Apparel\nvgogglesv2_east.png = Textures\Apparel\nvgogglesv2_east.png
		Textures\Apparel\nvgogglesv2_north.png = Textures\Apparel\nvgogglesv2_north.png
		Textures\Apparel\nvgogglesv2_south.png = Textures\Apparel\nvgogglesv2_south.png
		Textures\Apparel\tintedgoggles.png = Textures\Apparel\tintedgoggles.png
		Textures\Apparel\tintedgoggles_east.png = Textures\Apparel\tintedgoggles_east.png
		Textures\Apparel\tintedgoggles_north.png = Textures\Apparel\tintedgoggles_north.png
		Textures\Apparel\tintedgoggles_south.png = Textures\Apparel\tintedgoggles_south.png
	EndProjectSection
EndProject
Project("{2150E333-8FDC-42A3-9474-1A3956D46DE8}") = "Indicators", "Indicators", "{8BE62164-767B-4BBA-A559-65FE374B349D}"
	ProjectSection(SolutionItems) = preProject
		Textures\UI\Indicators\DefaultArrow.png = Textures\UI\Indicators\DefaultArrow.png
		Textures\UI\Indicators\NVarrow.png = Textures\UI\Indicators\NVarrow.png
		Textures\UI\Indicators\PSarrow.png = Textures\UI\Indicators\PSarrow.png
	EndProjectSection
EndProject
Global
	GlobalSection(SolutionConfigurationPlatforms) = preSolution
		Debug|Any CPU = Debug|Any CPU
		Release|Any CPU = Release|Any CPU
	EndGlobalSection
	GlobalSection(ProjectConfigurationPlatforms) = postSolution
		{295056E5-88F5-4099-A6F9-C1509D48BB2C}.Debug|Any CPU.ActiveCfg = Debug|Any CPU
		{295056E5-88F5-4099-A6F9-C1509D48BB2C}.Debug|Any CPU.Build.0 = Debug|Any CPU
		{295056E5-88F5-4099-A6F9-C1509D48BB2C}.Release|Any CPU.ActiveCfg = Release|Any CPU
		{295056E5-88F5-4099-A6F9-C1509D48BB2C}.Release|Any CPU.Build.0 = Release|Any CPU
	EndGlobalSection
	GlobalSection(SolutionProperties) = preSolution
		HideSolutionNode = FALSE
	EndGlobalSection
	GlobalSection(NestedProjects) = preSolution
		{CF7831D5-9321-46EE-BB23-1746066A04D6} = {BBB49E7A-B6B2-4597-B922-E8CE8D9F4F46}
		{3FE12E32-3B0E-4535-9BDC-DEBBB4378D81} = {CF7831D5-9321-46EE-BB23-1746066A04D6}
		{25CCEB20-9B55-4957-8675-25CD22D20A0D} = {DDD4903F-3B97-4139-AB6D-452DFF201C5E}
		{AC02B091-A994-4F41-95FF-43D646E36B3A} = {DDD4903F-3B97-4139-AB6D-452DFF201C5E}
		{8BE62164-767B-4BBA-A559-65FE374B349D} = {25CCEB20-9B55-4957-8675-25CD22D20A0D}
	EndGlobalSection
	GlobalSection(ExtensibilityGlobals) = postSolution
		SolutionGuid = {E55A9DED-D027-4EBF-8C50-469F81858116}
	EndGlobalSection
EndGlobal
